
Microsoft Visual Studio Solution File, Format Version 12.00
# Visual Studio Version 17
VisualStudioVersion = 17.3.32922.545
MinimumVisualStudioVersion = 10.0.40219.1
Project("{9A19103F-16F7-4668-BE54-9A1E7A4F7556}") = "Dotnet", "Dotnet\Dotnet.csproj", "{CFDA212B-8647-4BE8-8148-B253A9BF8730}"
EndProject
Project("{9A19103F-16F7-4668-BE54-9A1E7A4F7556}") = "Csproj", "Csproj\Csproj.csproj", "{A08D865E-FDBD-4218-9253-4F34CCCF3AFD}"
EndProject
Project("{9A19103F-16F7-4668-BE54-9A1E7A4F7556}") = "System", "System\System.csproj", "{B07696C8-6602-4823-AE3C-19F89C10F205}"
EndProject
Project("{9A19103F-16F7-4668-BE54-9A1E7A4F7556}") = "Console", "Console\Console.csproj", "{020A9DBD-8391-439D-9ECB-6FAFD905B9E6}"
EndProject
Project("{9A19103F-16F7-4668-BE54-9A1E7A4F7556}") = "VariablesTipos", "TiposVariable\VariablesTipos.csproj", "{5444AE0D-7CE7-4037-B5D0-B3A835E4EDED}"
EndProject
Project("{9A19103F-16F7-4668-BE54-9A1E7A4F7556}") = "VariablesConvertir", "VariablesTiposConvertir\VariablesConvertir.csproj", "{D48938CC-8666-481E-8FB1-F54BA61B1B44}"
EndProject
Project("{9A19103F-16F7-4668-BE54-9A1E7A4F7556}") = "VariablesConstantes", "VariablesTiposConstantes\VariablesConstantes.csproj", "{EFB464A3-134D-42B2-8854-F1FB4F4BF05B}"
EndProject
Project("{9A19103F-16F7-4668-BE54-9A1E7A4F7556}") = "VariablesDeclarar", "VariablesDeclarar\VariablesDeclarar.csproj", "{8F75EDCC-18E5-4A89-97C3-D4E1B20163C0}"
EndProject
Project("{9A19103F-16F7-4668-BE54-9A1E7A4F7556}") = "VariableComprobar", "VariableComprobar\VariableComprobar.csproj", "{5B76234C-74C3-43C3-B382-4F24DEE5990A}"
EndProject
Project("{9A19103F-16F7-4668-BE54-9A1E7A4F7556}") = "Nombres", "Nombres\Nombres.csproj", "{6303B889-2EAA-42C5-ABEB-8AB8A76D2678}"
EndProject
Project("{9A19103F-16F7-4668-BE54-9A1E7A4F7556}") = "OperadoresAritmetico", "OperadoresAritmetico\OperadoresAritmetico.csproj", "{FD935739-D6EC-4984-A9F5-A0832302F3F8}"
EndProject
Project("{9A19103F-16F7-4668-BE54-9A1E7A4F7556}") = "OperadoresLogicos", "OperadoresLogicos\OperadoresLogicos.csproj", "{7E6CDF02-C552-4750-AFCD-FD7A224DF1FC}"
EndProject
Project("{9A19103F-16F7-4668-BE54-9A1E7A4F7556}") = "OperadoresAsignacion", "OperadoresAsignacion\OperadoresAsignacion.csproj", "{34719D97-04DC-463A-8ADE-6F16F77182FE}"
EndProject
Project("{9A19103F-16F7-4668-BE54-9A1E7A4F7556}") = "OperadoresIncrementoDecremento", "OperadoresIncrementoDecremento\OperadoresIncrementoDecremento.csproj", "{A68A2661-688A-4319-A6DD-539C09970D01}"
EndProject
Project("{9A19103F-16F7-4668-BE54-9A1E7A4F7556}") = "OperadoresRelacionales", "OperadoresRelacionales\OperadoresRelacionales.csproj", "{B022EE3F-8F59-4BDF-A870-889386DD6D51}"
EndProject
Project("{9A19103F-16F7-4668-BE54-9A1E7A4F7556}") = "InstalacionSDKGuiaMsdn", "InstalacionSDKGuiaMsdn\InstalacionSDKGuiaMsdn.csproj", "{94A3D560-8CA1-412D-887B-E0F794D59CCA}"
EndProject
Project("{9A19103F-16F7-4668-BE54-9A1E7A4F7556}") = "SecuenciasEscape", "SecuenciasEscape\SecuenciasEscape.csproj", "{416E0BEC-5DDC-4317-9EFF-CE14D4D202E1}"
EndProject
Project("{9A19103F-16F7-4668-BE54-9A1E7A4F7556}") = "VariablesMetodos", "VariablesTiposMetodos\VariablesMetodos.csproj", "{1AFAEECF-4DBA-438F-9F7A-43BC4627D36A}"
EndProject
Project("{9A19103F-16F7-4668-BE54-9A1E7A4F7556}") = "VariablesFormatos", "VariablesFormatos\VariablesFormatos.csproj", "{AF6EE2AA-3155-4D21-AEE3-5553D17E6F38}"
EndProject
Project("{FAE04EC0-301F-11D3-BF4B-00C04F79EFBC}") = "ClasesMath", "ClasesMath\ClasesMath.csproj", "{2AB144B6-80A5-42D4-9C80-FF126D8C3FC7}"
EndProject
Project("{FAE04EC0-301F-11D3-BF4B-00C04F79EFBC}") = "CondicionalesIfElse", "CondicionalesIfElse\CondicionalesIfElse.csproj", "{3E3B6407-174E-41AF-9DF1-F4801B457E9D}"
EndProject
Project("{FAE04EC0-301F-11D3-BF4B-00C04F79EFBC}") = "Condicionales", "Condicionales\Condicionales.csproj", "{F6A04552-E2E3-4DA0-8CF1-E9E4B49B6686}"
EndProject
Project("{FAE04EC0-301F-11D3-BF4B-00C04F79EFBC}") = "BuclesDoWhile", "BuclesDoWhile\BuclesDoWhile.csproj", "{5BBD852F-2BB9-4B2B-8B52-195C50BBB57A}"
EndProject
Project("{FAE04EC0-301F-11D3-BF4B-00C04F79EFBC}") = "BuclesFor", "BuclesFor\BuclesFor.csproj", "{EC5171C3-E147-465A-B7F8-15D575141376}"
EndProject
Project("{FAE04EC0-301F-11D3-BF4B-00C04F79EFBC}") = "CondicionalesSwitch", "CondicionalesSwitch\CondicionalesSwitch.csproj", "{8177A39E-B592-454D-AC04-FF55821C6749}"
EndProject
Project("{FAE04EC0-301F-11D3-BF4B-00C04F79EFBC}") = "BreakContinueNoUsar", "BreakContinueNoUsar\BreakContinueNoUsar.csproj", "{82E859E2-9B87-4221-BBD5-937D951B8180}"
EndProject
Project("{FAE04EC0-301F-11D3-BF4B-00C04F79EFBC}") = "ClasesRandom", "ClasesRandom\ClasesRandom.csproj", "{3AB4AD06-78B8-4ADE-90CE-BE5677E3D5D4}"
EndProject
Project("{FAE04EC0-301F-11D3-BF4B-00C04F79EFBC}") = "ClasesDate", "ClasesDate\ClasesDate.csproj", "{BF434D40-6A4A-46F1-BC85-47A140E0733C}"
EndProject
Global
	GlobalSection(SolutionConfigurationPlatforms) = preSolution
		Debug|Any CPU = Debug|Any CPU
		Release|Any CPU = Release|Any CPU
	EndGlobalSection
	GlobalSection(ProjectConfigurationPlatforms) = postSolution
		{CFDA212B-8647-4BE8-8148-B253A9BF8730}.Debug|Any CPU.ActiveCfg = Debug|Any CPU
		{CFDA212B-8647-4BE8-8148-B253A9BF8730}.Debug|Any CPU.Build.0 = Debug|Any CPU
		{CFDA212B-8647-4BE8-8148-B253A9BF8730}.Release|Any CPU.ActiveCfg = Release|Any CPU
		{CFDA212B-8647-4BE8-8148-B253A9BF8730}.Release|Any CPU.Build.0 = Release|Any CPU
		{A08D865E-FDBD-4218-9253-4F34CCCF3AFD}.Debug|Any CPU.ActiveCfg = Debug|Any CPU
		{A08D865E-FDBD-4218-9253-4F34CCCF3AFD}.Debug|Any CPU.Build.0 = Debug|Any CPU
		{A08D865E-FDBD-4218-9253-4F34CCCF3AFD}.Release|Any CPU.ActiveCfg = Release|Any CPU
		{A08D865E-FDBD-4218-9253-4F34CCCF3AFD}.Release|Any CPU.Build.0 = Release|Any CPU
		{B07696C8-6602-4823-AE3C-19F89C10F205}.Debug|Any CPU.ActiveCfg = Debug|Any CPU
		{B07696C8-6602-4823-AE3C-19F89C10F205}.Debug|Any CPU.Build.0 = Debug|Any CPU
		{B07696C8-6602-4823-AE3C-19F89C10F205}.Release|Any CPU.ActiveCfg = Release|Any CPU
		{B07696C8-6602-4823-AE3C-19F89C10F205}.Release|Any CPU.Build.0 = Release|Any CPU
		{020A9DBD-8391-439D-9ECB-6FAFD905B9E6}.Debug|Any CPU.ActiveCfg = Debug|Any CPU
		{020A9DBD-8391-439D-9ECB-6FAFD905B9E6}.Debug|Any CPU.Build.0 = Debug|Any CPU
		{020A9DBD-8391-439D-9ECB-6FAFD905B9E6}.Release|Any CPU.ActiveCfg = Release|Any CPU
		{020A9DBD-8391-439D-9ECB-6FAFD905B9E6}.Release|Any CPU.Build.0 = Release|Any CPU
		{5444AE0D-7CE7-4037-B5D0-B3A835E4EDED}.Debug|Any CPU.ActiveCfg = Debug|Any CPU
		{5444AE0D-7CE7-4037-B5D0-B3A835E4EDED}.Debug|Any CPU.Build.0 = Debug|Any CPU
		{5444AE0D-7CE7-4037-B5D0-B3A835E4EDED}.Release|Any CPU.ActiveCfg = Release|Any CPU
		{5444AE0D-7CE7-4037-B5D0-B3A835E4EDED}.Release|Any CPU.Build.0 = Release|Any CPU
		{D48938CC-8666-481E-8FB1-F54BA61B1B44}.Debug|Any CPU.ActiveCfg = Debug|Any CPU
		{D48938CC-8666-481E-8FB1-F54BA61B1B44}.Debug|Any CPU.Build.0 = Debug|Any CPU
		{D48938CC-8666-481E-8FB1-F54BA61B1B44}.Release|Any CPU.ActiveCfg = Release|Any CPU
		{D48938CC-8666-481E-8FB1-F54BA61B1B44}.Release|Any CPU.Build.0 = Release|Any CPU
		{EFB464A3-134D-42B2-8854-F1FB4F4BF05B}.Debug|Any CPU.ActiveCfg = Debug|Any CPU
		{EFB464A3-134D-42B2-8854-F1FB4F4BF05B}.Debug|Any CPU.Build.0 = Debug|Any CPU
		{EFB464A3-134D-42B2-8854-F1FB4F4BF05B}.Release|Any CPU.ActiveCfg = Release|Any CPU
		{EFB464A3-134D-42B2-8854-F1FB4F4BF05B}.Release|Any CPU.Build.0 = Release|Any CPU
		{8F75EDCC-18E5-4A89-97C3-D4E1B20163C0}.Debug|Any CPU.ActiveCfg = Debug|Any CPU
		{8F75EDCC-18E5-4A89-97C3-D4E1B20163C0}.Debug|Any CPU.Build.0 = Debug|Any CPU
		{8F75EDCC-18E5-4A89-97C3-D4E1B20163C0}.Release|Any CPU.ActiveCfg = Release|Any CPU
		{8F75EDCC-18E5-4A89-97C3-D4E1B20163C0}.Release|Any CPU.Build.0 = Release|Any CPU
		{5B76234C-74C3-43C3-B382-4F24DEE5990A}.Debug|Any CPU.ActiveCfg = Debug|Any CPU
		{5B76234C-74C3-43C3-B382-4F24DEE5990A}.Debug|Any CPU.Build.0 = Debug|Any CPU
		{5B76234C-74C3-43C3-B382-4F24DEE5990A}.Release|Any CPU.ActiveCfg = Release|Any CPU
		{5B76234C-74C3-43C3-B382-4F24DEE5990A}.Release|Any CPU.Build.0 = Release|Any CPU
		{6303B889-2EAA-42C5-ABEB-8AB8A76D2678}.Debug|Any CPU.ActiveCfg = Debug|Any CPU
		{6303B889-2EAA-42C5-ABEB-8AB8A76D2678}.Debug|Any CPU.Build.0 = Debug|Any CPU
		{6303B889-2EAA-42C5-ABEB-8AB8A76D2678}.Release|Any CPU.ActiveCfg = Release|Any CPU
		{6303B889-2EAA-42C5-ABEB-8AB8A76D2678}.Release|Any CPU.Build.0 = Release|Any CPU
		{FD935739-D6EC-4984-A9F5-A0832302F3F8}.Debug|Any CPU.ActiveCfg = Debug|Any CPU
		{FD935739-D6EC-4984-A9F5-A0832302F3F8}.Debug|Any CPU.Build.0 = Debug|Any CPU
		{FD935739-D6EC-4984-A9F5-A0832302F3F8}.Release|Any CPU.ActiveCfg = Release|Any CPU
		{FD935739-D6EC-4984-A9F5-A0832302F3F8}.Release|Any CPU.Build.0 = Release|Any CPU
		{7E6CDF02-C552-4750-AFCD-FD7A224DF1FC}.Debug|Any CPU.ActiveCfg = Debug|Any CPU
		{7E6CDF02-C552-4750-AFCD-FD7A224DF1FC}.Debug|Any CPU.Build.0 = Debug|Any CPU
		{7E6CDF02-C552-4750-AFCD-FD7A224DF1FC}.Release|Any CPU.ActiveCfg = Release|Any CPU
		{7E6CDF02-C552-4750-AFCD-FD7A224DF1FC}.Release|Any CPU.Build.0 = Release|Any CPU
		{34719D97-04DC-463A-8ADE-6F16F77182FE}.Debug|Any CPU.ActiveCfg = Debug|Any CPU
		{34719D97-04DC-463A-8ADE-6F16F77182FE}.Debug|Any CPU.Build.0 = Debug|Any CPU
		{34719D97-04DC-463A-8ADE-6F16F77182FE}.Release|Any CPU.ActiveCfg = Release|Any CPU
		{34719D97-04DC-463A-8ADE-6F16F77182FE}.Release|Any CPU.Build.0 = Release|Any CPU
		{A68A2661-688A-4319-A6DD-539C09970D01}.Debug|Any CPU.ActiveCfg = Debug|Any CPU
		{A68A2661-688A-4319-A6DD-539C09970D01}.Debug|Any CPU.Build.0 = Debug|Any CPU
		{A68A2661-688A-4319-A6DD-539C09970D01}.Release|Any CPU.ActiveCfg = Release|Any CPU
		{A68A2661-688A-4319-A6DD-539C09970D01}.Release|Any CPU.Build.0 = Release|Any CPU
		{B022EE3F-8F59-4BDF-A870-889386DD6D51}.Debug|Any CPU.ActiveCfg = Debug|Any CPU
		{B022EE3F-8F59-4BDF-A870-889386DD6D51}.Debug|Any CPU.Build.0 = Debug|Any CPU
		{B022EE3F-8F59-4BDF-A870-889386DD6D51}.Release|Any CPU.ActiveCfg = Release|Any CPU
		{B022EE3F-8F59-4BDF-A870-889386DD6D51}.Release|Any CPU.Build.0 = Release|Any CPU
		{94A3D560-8CA1-412D-887B-E0F794D59CCA}.Debug|Any CPU.ActiveCfg = Debug|Any CPU
		{94A3D560-8CA1-412D-887B-E0F794D59CCA}.Debug|Any CPU.Build.0 = Debug|Any CPU
		{94A3D560-8CA1-412D-887B-E0F794D59CCA}.Release|Any CPU.ActiveCfg = Release|Any CPU
		{94A3D560-8CA1-412D-887B-E0F794D59CCA}.Release|Any CPU.Build.0 = Release|Any CPU
		{416E0BEC-5DDC-4317-9EFF-CE14D4D202E1}.Debug|Any CPU.ActiveCfg = Debug|Any CPU
		{416E0BEC-5DDC-4317-9EFF-CE14D4D202E1}.Debug|Any CPU.Build.0 = Debug|Any CPU
		{416E0BEC-5DDC-4317-9EFF-CE14D4D202E1}.Release|Any CPU.ActiveCfg = Release|Any CPU
		{416E0BEC-5DDC-4317-9EFF-CE14D4D202E1}.Release|Any CPU.Build.0 = Release|Any CPU
		{1AFAEECF-4DBA-438F-9F7A-43BC4627D36A}.Debug|Any CPU.ActiveCfg = Debug|Any CPU
		{1AFAEECF-4DBA-438F-9F7A-43BC4627D36A}.Debug|Any CPU.Build.0 = Debug|Any CPU
		{1AFAEECF-4DBA-438F-9F7A-43BC4627D36A}.Release|Any CPU.ActiveCfg = Release|Any CPU
		{1AFAEECF-4DBA-438F-9F7A-43BC4627D36A}.Release|Any CPU.Build.0 = Release|Any CPU
		{AF6EE2AA-3155-4D21-AEE3-5553D17E6F38}.Debug|Any CPU.ActiveCfg = Debug|Any CPU
		{AF6EE2AA-3155-4D21-AEE3-5553D17E6F38}.Debug|Any CPU.Build.0 = Debug|Any CPU
		{AF6EE2AA-3155-4D21-AEE3-5553D17E6F38}.Release|Any CPU.ActiveCfg = Release|Any CPU
		{AF6EE2AA-3155-4D21-AEE3-5553D17E6F38}.Release|Any CPU.Build.0 = Release|Any CPU
		{2AB144B6-80A5-42D4-9C80-FF126D8C3FC7}.Debug|Any CPU.ActiveCfg = Debug|Any CPU
		{2AB144B6-80A5-42D4-9C80-FF126D8C3FC7}.Debug|Any CPU.Build.0 = Debug|Any CPU
		{2AB144B6-80A5-42D4-9C80-FF126D8C3FC7}.Release|Any CPU.ActiveCfg = Release|Any CPU
		{2AB144B6-80A5-42D4-9C80-FF126D8C3FC7}.Release|Any CPU.Build.0 = Release|Any CPU
		{3E3B6407-174E-41AF-9DF1-F4801B457E9D}.Debug|Any CPU.ActiveCfg = Debug|Any CPU
		{3E3B6407-174E-41AF-9DF1-F4801B457E9D}.Debug|Any CPU.Build.0 = Debug|Any CPU
		{3E3B6407-174E-41AF-9DF1-F4801B457E9D}.Release|Any CPU.ActiveCfg = Release|Any CPU
		{3E3B6407-174E-41AF-9DF1-F4801B457E9D}.Release|Any CPU.Build.0 = Release|Any CPU
		{F6A04552-E2E3-4DA0-8CF1-E9E4B49B6686}.Debug|Any CPU.ActiveCfg = Debug|Any CPU
		{F6A04552-E2E3-4DA0-8CF1-E9E4B49B6686}.Debug|Any CPU.Build.0 = Debug|Any CPU
		{F6A04552-E2E3-4DA0-8CF1-E9E4B49B6686}.Release|Any CPU.ActiveCfg = Release|Any CPU
		{F6A04552-E2E3-4DA0-8CF1-E9E4B49B6686}.Release|Any CPU.Build.0 = Release|Any CPU
		{5BBD852F-2BB9-4B2B-8B52-195C50BBB57A}.Debug|Any CPU.ActiveCfg = Debug|Any CPU
		{5BBD852F-2BB9-4B2B-8B52-195C50BBB57A}.Debug|Any CPU.Build.0 = Debug|Any CPU
		{5BBD852F-2BB9-4B2B-8B52-195C50BBB57A}.Release|Any CPU.ActiveCfg = Release|Any CPU
		{5BBD852F-2BB9-4B2B-8B52-195C50BBB57A}.Release|Any CPU.Build.0 = Release|Any CPU
		{EC5171C3-E147-465A-B7F8-15D575141376}.Debug|Any CPU.ActiveCfg = Debug|Any CPU
		{EC5171C3-E147-465A-B7F8-15D575141376}.Debug|Any CPU.Build.0 = Debug|Any CPU
		{EC5171C3-E147-465A-B7F8-15D575141376}.Release|Any CPU.ActiveCfg = Release|Any CPU
		{EC5171C3-E147-465A-B7F8-15D575141376}.Release|Any CPU.Build.0 = Release|Any CPU
		{8177A39E-B592-454D-AC04-FF55821C6749}.Debug|Any CPU.ActiveCfg = Debug|Any CPU
		{8177A39E-B592-454D-AC04-FF55821C6749}.Debug|Any CPU.Build.0 = Debug|Any CPU
		{8177A39E-B592-454D-AC04-FF55821C6749}.Release|Any CPU.ActiveCfg = Release|Any CPU
		{8177A39E-B592-454D-AC04-FF55821C6749}.Release|Any CPU.Build.0 = Release|Any CPU
		{82E859E2-9B87-4221-BBD5-937D951B8180}.Debug|Any CPU.ActiveCfg = Debug|Any CPU
		{82E859E2-9B87-4221-BBD5-937D951B8180}.Debug|Any CPU.Build.0 = Debug|Any CPU
		{82E859E2-9B87-4221-BBD5-937D951B8180}.Release|Any CPU.ActiveCfg = Release|Any CPU
		{82E859E2-9B87-4221-BBD5-937D951B8180}.Release|Any CPU.Build.0 = Release|Any CPU
		{3AB4AD06-78B8-4ADE-90CE-BE5677E3D5D4}.Debug|Any CPU.ActiveCfg = Debug|Any CPU
		{3AB4AD06-78B8-4ADE-90CE-BE5677E3D5D4}.Debug|Any CPU.Build.0 = Debug|Any CPU
		{3AB4AD06-78B8-4ADE-90CE-BE5677E3D5D4}.Release|Any CPU.ActiveCfg = Release|Any CPU
		{3AB4AD06-78B8-4ADE-90CE-BE5677E3D5D4}.Release|Any CPU.Build.0 = Release|Any CPU
		{BF434D40-6A4A-46F1-BC85-47A140E0733C}.Debug|Any CPU.ActiveCfg = Debug|Any CPU
		{BF434D40-6A4A-46F1-BC85-47A140E0733C}.Debug|Any CPU.Build.0 = Debug|Any CPU
		{BF434D40-6A4A-46F1-BC85-47A140E0733C}.Release|Any CPU.ActiveCfg = Release|Any CPU
		{BF434D40-6A4A-46F1-BC85-47A140E0733C}.Release|Any CPU.Build.0 = Release|Any CPU
	EndGlobalSection
	GlobalSection(SolutionProperties) = preSolution
		HideSolutionNode = FALSE
	EndGlobalSection
	GlobalSection(ExtensibilityGlobals) = postSolution
		SolutionGuid = {F2636538-B22C-4284-8CDB-088F84268CA2}
	EndGlobalSection
EndGlobal
