
Microsoft Visual Studio Solution File, Format Version 12.00
# Visual Studio Version 17
VisualStudioVersion = 17.3.32922.545
MinimumVisualStudioVersion = 10.0.40219.1
Project("{9A19103F-16F7-4668-BE54-9A1E7A4F7556}") = "Sistema_Dotnet", "Dotnet\Sistema_Dotnet.csproj", "{CFDA212B-8647-4BE8-8148-B253A9BF8730}"
EndProject
Project("{9A19103F-16F7-4668-BE54-9A1E7A4F7556}") = "Sistema_Csproj", "Csproj\Sistema_Csproj.csproj", "{A08D865E-FDBD-4218-9253-4F34CCCF3AFD}"
EndProject
Project("{9A19103F-16F7-4668-BE54-9A1E7A4F7556}") = "Sistema_System", "System\Sistema_System.csproj", "{B07696C8-6602-4823-AE3C-19F89C10F205}"
EndProject
Project("{9A19103F-16F7-4668-BE54-9A1E7A4F7556}") = "Sistema_Console", "Console\Sistema_Console.csproj", "{020A9DBD-8391-439D-9ECB-6FAFD905B9E6}"
EndProject
Project("{9A19103F-16F7-4668-BE54-9A1E7A4F7556}") = "Variables_OtrosTipos", "TiposVariable\Variables_OtrosTipos.csproj", "{5444AE0D-7CE7-4037-B5D0-B3A835E4EDED}"
EndProject
Project("{9A19103F-16F7-4668-BE54-9A1E7A4F7556}") = "Variables_Constantes", "VariablesTiposConstantes\Variables_Constantes.csproj", "{EFB464A3-134D-42B2-8854-F1FB4F4BF05B}"
EndProject
Project("{9A19103F-16F7-4668-BE54-9A1E7A4F7556}") = "Variable_Declarar", "VariablesDeclarar\Variable_Declarar.csproj", "{8F75EDCC-18E5-4A89-97C3-D4E1B20163C0}"
EndProject
Project("{9A19103F-16F7-4668-BE54-9A1E7A4F7556}") = "Variable_Comprobar", "VariableComprobar\Variable_Comprobar.csproj", "{5B76234C-74C3-43C3-B382-4F24DEE5990A}"
EndProject
Project("{9A19103F-16F7-4668-BE54-9A1E7A4F7556}") = "Sistema_Nombres", "Nombres\Sistema_Nombres.csproj", "{6303B889-2EAA-42C5-ABEB-8AB8A76D2678}"
EndProject
Project("{9A19103F-16F7-4668-BE54-9A1E7A4F7556}") = "Variables_Op_Aritmetico", "OperadoresAritmetico\Variables_Op_Aritmetico.csproj", "{FD935739-D6EC-4984-A9F5-A0832302F3F8}"
EndProject
Project("{9A19103F-16F7-4668-BE54-9A1E7A4F7556}") = "Variables_Op_Logicos", "OperadoresLogicos\Variables_Op_Logicos.csproj", "{7E6CDF02-C552-4750-AFCD-FD7A224DF1FC}"
EndProject
Project("{9A19103F-16F7-4668-BE54-9A1E7A4F7556}") = "Variables_Op_Asignacion", "OperadoresAsignacion\Variables_Op_Asignacion.csproj", "{34719D97-04DC-463A-8ADE-6F16F77182FE}"
EndProject
Project("{9A19103F-16F7-4668-BE54-9A1E7A4F7556}") = "Variables_Op_IncrementoDecremento", "OperadoresIncrementoDecremento\Variables_Op_IncrementoDecremento.csproj", "{A68A2661-688A-4319-A6DD-539C09970D01}"
EndProject
Project("{9A19103F-16F7-4668-BE54-9A1E7A4F7556}") = "Variables_Op_Relacionales", "OperadoresRelacionales\Variables_Op_Relacionales.csproj", "{B022EE3F-8F59-4BDF-A870-889386DD6D51}"
EndProject
Project("{9A19103F-16F7-4668-BE54-9A1E7A4F7556}") = "Sistema_InstalacionSDKGuiaMsdn", "InstalacionSDKGuiaMsdn\Sistema_InstalacionSDKGuiaMsdn.csproj", "{94A3D560-8CA1-412D-887B-E0F794D59CCA}"
EndProject
Project("{9A19103F-16F7-4668-BE54-9A1E7A4F7556}") = "Variable_SecuenciasEscape", "SecuenciasEscape\Variable_SecuenciasEscape.csproj", "{416E0BEC-5DDC-4317-9EFF-CE14D4D202E1}"
EndProject
Project("{9A19103F-16F7-4668-BE54-9A1E7A4F7556}") = "Clase_Math", "ClasesMath\Clase_Math.csproj", "{2AB144B6-80A5-42D4-9C80-FF126D8C3FC7}"
EndProject
Project("{9A19103F-16F7-4668-BE54-9A1E7A4F7556}") = "Condicional_IfElse", "CondicionalesIfElse\Condicional_IfElse.csproj", "{3E3B6407-174E-41AF-9DF1-F4801B457E9D}"
EndProject
Project("{9A19103F-16F7-4668-BE54-9A1E7A4F7556}") = "Condicional_Simple", "Condicionales\Condicional_Simple.csproj", "{F6A04552-E2E3-4DA0-8CF1-E9E4B49B6686}"
EndProject
Project("{9A19103F-16F7-4668-BE54-9A1E7A4F7556}") = "Bucles_DoWhile", "BuclesDoWhile\Bucles_DoWhile.csproj", "{5BBD852F-2BB9-4B2B-8B52-195C50BBB57A}"
EndProject
Project("{9A19103F-16F7-4668-BE54-9A1E7A4F7556}") = "Bucles_ForForeach", "BuclesFor\Bucles_ForForeach.csproj", "{EC5171C3-E147-465A-B7F8-15D575141376}"
EndProject
Project("{9A19103F-16F7-4668-BE54-9A1E7A4F7556}") = "Condicional_Switch", "CondicionalesSwitch\Condicional_Switch.csproj", "{8177A39E-B592-454D-AC04-FF55821C6749}"
EndProject
Project("{9A19103F-16F7-4668-BE54-9A1E7A4F7556}") = "Bucles_BreakContinueNoUsar", "BreakContinueNoUsar\Bucles_BreakContinueNoUsar.csproj", "{82E859E2-9B87-4221-BBD5-937D951B8180}"
EndProject
Project("{9A19103F-16F7-4668-BE54-9A1E7A4F7556}") = "Clase_Random", "ClasesRandom\Clase_Random.csproj", "{3AB4AD06-78B8-4ADE-90CE-BE5677E3D5D4}"
EndProject
Project("{9A19103F-16F7-4668-BE54-9A1E7A4F7556}") = "Clase_Date", "ClasesDate\Clase_Date.csproj", "{BF434D40-6A4A-46F1-BC85-47A140E0733C}"
EndProject
Project("{9A19103F-16F7-4668-BE54-9A1E7A4F7556}") = "Variables_Enumerados", "Enumerados\Variables_Enumerados.csproj", "{BE502A6B-A6A4-4B9C-B24E-08122C1104C9}"
EndProject
Project("{9A19103F-16F7-4668-BE54-9A1E7A4F7556}") = "Sistema_PuntoRuptura", "PuntoRuptura\Sistema_PuntoRuptura.csproj", "{5F2927AB-8909-41E4-81D1-69F2609A0E5B}"
EndProject
Project("{9A19103F-16F7-4668-BE54-9A1E7A4F7556}") = "Excepciones_TryCatchThrow", "ExcepcionesTryCatchThrow\Excepciones_TryCatchThrow.csproj", "{37256E17-CAFA-4D6F-B292-4AD4FEDD8076}"
EndProject
Project("{9A19103F-16F7-4668-BE54-9A1E7A4F7556}") = "Variables_Enumerados_Clases", "Clases\Variables_Enumerados_Clases.csproj", "{9FAF8254-12F8-4FC3-A21C-B09FD1606833}"
EndProject
Project("{9A19103F-16F7-4668-BE54-9A1E7A4F7556}") = "xEjercicio11", "xEjercicio11\xEjercicio11.csproj", "{1EC4F0BF-FB05-4700-8F69-E1307E335B0C}"
EndProject
Project("{9A19103F-16F7-4668-BE54-9A1E7A4F7556}") = "xEjercicio12", "xEjercicio12\xEjercicio12.csproj", "{504C94FF-BA00-4943-9C99-C636B26DE123}"
EndProject
Project("{9A19103F-16F7-4668-BE54-9A1E7A4F7556}") = "xEjercicio13", "xEjercicio13\xEjercicio13.csproj", "{C02A2FAB-169E-4AC0-81E1-C5F06FF46C08}"
EndProject
Project("{9A19103F-16F7-4668-BE54-9A1E7A4F7556}") = "xEjercicio14", "xEjercicio14\xEjercicio14.csproj", "{720A4D9B-11EC-4495-BD0E-B7189982C353}"
EndProject
Project("{9A19103F-16F7-4668-BE54-9A1E7A4F7556}") = "xEjercicio15", "xEjercicio15\xEjercicio15.csproj", "{F9B6B2D3-9637-4B05-A266-1969E07C2FB6}"
EndProject
Project("{9A19103F-16F7-4668-BE54-9A1E7A4F7556}") = "xEjercicio16", "xEjercicio16\xEjercicio16.csproj", "{00B23473-207A-424B-8D43-839E7B8A9465}"
EndProject
Project("{9A19103F-16F7-4668-BE54-9A1E7A4F7556}") = "xEjercicio17", "xEjercicio17\xEjercicio17.csproj", "{C88EDE65-85F0-4B10-8648-ABBCFD0881AC}"
EndProject
Project("{9A19103F-16F7-4668-BE54-9A1E7A4F7556}") = "xEjercicio18", "xEjercicio18\xEjercicio18.csproj", "{CA868634-9248-4851-8BEB-77DB9BB72F4E}"
EndProject
Project("{9A19103F-16F7-4668-BE54-9A1E7A4F7556}") = "xEjercicio19Diamante", "xEjercicio19\xEjercicio19Diamante.csproj", "{79400040-AE05-4E55-A702-3FA2A78CFFD1}"
EndProject
Project("{9A19103F-16F7-4668-BE54-9A1E7A4F7556}") = "xEjercicio20", "xEjercicio20\xEjercicio20.csproj", "{7E0799EB-D646-4CDD-AA05-E754B16E155B}"
EndProject
Project("{9A19103F-16F7-4668-BE54-9A1E7A4F7556}") = "xEjercicio21", "xEjercicio21\xEjercicio21.csproj", "{462FF015-7703-4CA3-B7C5-C28F34ECF779}"
EndProject
Project("{9A19103F-16F7-4668-BE54-9A1E7A4F7556}") = "xEjercicio22", "xEjercicio22\xEjercicio22.csproj", "{2A586E2D-2602-4085-BD4E-4A2ACCD7D906}"
EndProject
Project("{9A19103F-16F7-4668-BE54-9A1E7A4F7556}") = "xEjercicio23", "xEjercicio23\xEjercicio23.csproj", "{0DD939FC-DEDC-4F4B-B50C-045FE6E79FF8}"
EndProject
Project("{9A19103F-16F7-4668-BE54-9A1E7A4F7556}") = "xEjercicio24", "xEjercicio24\xEjercicio24.csproj", "{5F369C52-8487-427A-846C-E7FBFFF0337D}"
EndProject
Project("{9A19103F-16F7-4668-BE54-9A1E7A4F7556}") = "xEjercicio25", "xEjercicio25\xEjercicio25.csproj", "{049E4AA1-85D3-4E01-A4CA-B819F65A7A56}"
EndProject
Project("{9A19103F-16F7-4668-BE54-9A1E7A4F7556}") = "xEjercicioReloj", "xEjercicioReloj\xEjercicioReloj.csproj", "{2482230F-B4DB-494A-B362-E6D4E4379836}"
EndProject
Project("{9A19103F-16F7-4668-BE54-9A1E7A4F7556}") = "xEjercicioExperimento", "xEjercicioExperimento\xEjercicioExperimento.csproj", "{8E9F235A-0B56-41B6-9D1F-EE834B2829C4}"
EndProject
Project("{9A19103F-16F7-4668-BE54-9A1E7A4F7556}") = "Metodos_PasarValor", "MetodosPasarValor\Metodos_PasarValor.csproj", "{192658A9-3BB4-4A1A-9E2D-63D25D3E9A87}"
EndProject
Project("{9A19103F-16F7-4668-BE54-9A1E7A4F7556}") = "Metodos_Recursividad", "MetodosRecursividad\Metodos_Recursividad.csproj", "{A6A26C9F-15FF-4456-8350-19AFCF8E8275}"
EndProject
Project("{9A19103F-16F7-4668-BE54-9A1E7A4F7556}") = "Variable_Array", "Array\Variable_Array.csproj", "{0D92DE2E-4C40-4883-8343-BB0806CD4097}"
EndProject
Project("{9A19103F-16F7-4668-BE54-9A1E7A4F7556}") = "Excepciones_ParseTryparse", "ExcepcionesParseTryparse\Excepciones_ParseTryparse.csproj", "{F423B95B-AA20-489F-86E3-9C3B22646367}"
EndProject
Project("{9A19103F-16F7-4668-BE54-9A1E7A4F7556}") = "xEjercicio26", "xEjercicios26\xEjercicio26.csproj", "{179F74E8-34FA-4EC4-AB4B-1B1B82ABC736}"
EndProject
Project("{9A19103F-16F7-4668-BE54-9A1E7A4F7556}") = "xEjercicio27", "xEjercicios27\xEjercicio27.csproj", "{8C6226FE-3587-468D-ADC9-8D5CE7043BF1}"
EndProject
Project("{9A19103F-16F7-4668-BE54-9A1E7A4F7556}") = "xEjerciciosCodingameCoordenadas", "xEjerciciosCodingame01\xEjerciciosCodingameCoordenadas.csproj", "{4341AB81-A1BF-455A-8D2B-6D358AB8EAD4}"
EndProject
Project("{9A19103F-16F7-4668-BE54-9A1E7A4F7556}") = "xEjerciciosCodingameDirectorios", "xEjerciciosCodingameDirectorios\xEjerciciosCodingameDirectorios.csproj", "{E8722786-8B28-4FF7-9C2D-B518A933D01C}"
EndProject
Project("{9A19103F-16F7-4668-BE54-9A1E7A4F7556}") = "xEjercicio28", "xEjercicio28\xEjercicio28.csproj", "{2FD7C261-0812-459D-8A44-9D269EDF5CAC}"
EndProject
Project("{9A19103F-16F7-4668-BE54-9A1E7A4F7556}") = "xEjercicio29", "xEjercicio29\xEjercicio29.csproj", "{9B7E5DC7-C99B-4513-BA4A-663C7E479EC9}"
EndProject
Project("{9A19103F-16F7-4668-BE54-9A1E7A4F7556}") = "xEjercicio31", "xEjercicio31\xEjercicio31.csproj", "{1AC281BE-DD50-4A35-B70C-9EDA3FAD7B1B}"
EndProject
Project("{9A19103F-16F7-4668-BE54-9A1E7A4F7556}") = "xEjercicio32", "xEjercicio32\xEjercicio32.csproj", "{9AE02C7E-337D-4AF0-AAE0-4E139B4E4A8B}"
EndProject
Project("{9A19103F-16F7-4668-BE54-9A1E7A4F7556}") = "xEjercicio33", "xEjercicio33\xEjercicio33.csproj", "{83D14BB6-F004-406C-AD42-3D9B79DB4944}"
EndProject
Project("{9A19103F-16F7-4668-BE54-9A1E7A4F7556}") = "xEjerciciosCodingameFigurasCuadro", "xEjerciciosCodingameFigurasCuadro\xEjerciciosCodingameFigurasCuadro.csproj", "{5B58FE3E-334D-4B7C-933E-CD350B1E5E8B}"
EndProject
Project("{9A19103F-16F7-4668-BE54-9A1E7A4F7556}") = "xEjercicio30", "xEjercicio30\xEjercicio30.csproj", "{2AA5037D-E287-49D6-815F-221525237C1B}"
EndProject
Project("{9A19103F-16F7-4668-BE54-9A1E7A4F7556}") = "xEjercicio34", "xEjercicio34\xEjercicio34.csproj", "{88B160AE-4541-407E-8B0E-1130FFA92015}"
EndProject
Project("{9A19103F-16F7-4668-BE54-9A1E7A4F7556}") = "xEjercicio35", "xEjercicio35\xEjercicio35.csproj", "{BC0BC13D-74D5-438F-9AF1-39C14A6B083F}"
EndProject
Project("{9A19103F-16F7-4668-BE54-9A1E7A4F7556}") = "xEjercicio36", "xEjercicio36\xEjercicio36.csproj", "{C0638AC7-F8A9-4003-AB65-19C339D7F7C7}"
EndProject
Project("{9A19103F-16F7-4668-BE54-9A1E7A4F7556}") = "xEjercicio37", "xEjercicio37\xEjercicio37.csproj", "{FDFE0E11-54D0-4CCE-9C24-681287708690}"
EndProject
Project("{9A19103F-16F7-4668-BE54-9A1E7A4F7556}") = "xPruebasAnotaciones", "xPruebasAnotaciones\xPruebasAnotaciones.csproj", "{2C469772-3692-4E2A-9706-2C251A846E63}"
EndProject
Project("{9A19103F-16F7-4668-BE54-9A1E7A4F7556}") = "xEjerciciosCodingameAbecedario", "xEjerciciosCodingameAbecedario\xEjerciciosCodingameAbecedario.csproj", "{90033B2A-953C-4256-9E5C-34BFF4CFAD75}"
EndProject
Project("{9A19103F-16F7-4668-BE54-9A1E7A4F7556}") = "xEjerciciosCodingameSerieNumerica", "xEjerciciosCodingameSerieNumerica\xEjerciciosCodingameSerieNumerica.csproj", "{2F53EF8A-C958-4376-82D8-5B1A0A47F13A}"
EndProject
Project("{9A19103F-16F7-4668-BE54-9A1E7A4F7556}") = "xEjerciciosCodegameContarCaracter", "xEjerciciosCodegameContarCaracter\xEjerciciosCodegameContarCaracter.csproj", "{6BCBB42B-C720-4C57-A10B-D186F5310182}"
EndProject
Project("{9A19103F-16F7-4668-BE54-9A1E7A4F7556}") = "xEjerciciosCodingameAsteriscos", "xEjerciciosCodingameAsteriscos\xEjerciciosCodingameAsteriscos.csproj", "{235C1CFA-115E-41A7-934C-FE73B61112E2}"
EndProject
Project("{9A19103F-16F7-4668-BE54-9A1E7A4F7556}") = "ProgramacionObjeto", "ProgramacionObjeto\ProgramacionObjeto.csproj", "{2545D16C-6B9D-4FAF-995F-AA7ED36FEDC0}"
EndProject
Project("{9A19103F-16F7-4668-BE54-9A1E7A4F7556}") = "Variable_Int", "Int\Variable_Int.csproj", "{14D6D8F4-1003-46DE-AB37-4FDC925B64D7}"
EndProject
Project("{9A19103F-16F7-4668-BE54-9A1E7A4F7556}") = "Variable_Double", "Double\Variable_Double.csproj", "{8C6A8B83-F0B5-4327-A20C-E3EA007152D5}"
EndProject
Project("{9A19103F-16F7-4668-BE54-9A1E7A4F7556}") = "Variable_Float", "Variable_Float\Variable_Float.csproj", "{F2FBAD09-F5CD-424D-899A-1AE9F10AADAA}"
EndProject
Project("{9A19103F-16F7-4668-BE54-9A1E7A4F7556}") = "Variable_String", "Variable_String\Variable_String.csproj", "{1C3EC6FF-4E73-4AD7-82B1-22877C5561D1}"
EndProject
Project("{9A19103F-16F7-4668-BE54-9A1E7A4F7556}") = "Variable_ASCII", "Variable_ASCII\Variable_ASCII.csproj", "{4BF8A1BD-FCC0-4734-8F09-E77070D80101}"
EndProject
Project("{9A19103F-16F7-4668-BE54-9A1E7A4F7556}") = "Variables_Char", "Variables_Char\Variables_Char.csproj", "{79294E69-C806-4775-A75A-E64C265DEC35}"
EndProject
Project("{9A19103F-16F7-4668-BE54-9A1E7A4F7556}") = "Metodos", "Metodoss\Metodos.csproj", "{B0D596D8-635F-4268-820D-A2A908E801C0}"
EndProject
Project("{FAE04EC0-301F-11D3-BF4B-00C04F79EFBC}") = "Extras", "Extras\Extras.csproj", "{F3029FF9-4CA3-4F1E-BC96-A9554EEC8896}"
EndProject
Project("{FAE04EC0-301F-11D3-BF4B-00C04F79EFBC}") = "xEjerciciosCodingameCogerSoloMayuscula", "xEjerciciosCodingameCogerSoloMayuscula\xEjerciciosCodingameCogerSoloMayuscula.csproj", "{97C25852-1B26-4232-B06D-F9A0BA3D1658}"
EndProject
Project("{FAE04EC0-301F-11D3-BF4B-00C04F79EFBC}") = "xEjerciciosCodingameHexaADecimal", "xEjerciciosCodingameHexaADecimal\xEjerciciosCodingameHexaADecimal.csproj", "{7E590DDF-362E-4C50-B6FF-999B61E9DC85}"
EndProject
Project("{FAE04EC0-301F-11D3-BF4B-00C04F79EFBC}") = "xEjerciciosCodingameCalculadora", "xEjerciciosCodingameCalculadora\xEjerciciosCodingameCalculadora.csproj", "{91F6B112-6DA6-4DBC-B556-05DF745A96DA}"
EndProject
Global
	GlobalSection(SolutionConfigurationPlatforms) = preSolution
		Debug|Any CPU = Debug|Any CPU
		Release|Any CPU = Release|Any CPU
	EndGlobalSection
	GlobalSection(ProjectConfigurationPlatforms) = postSolution
		{CFDA212B-8647-4BE8-8148-B253A9BF8730}.Debug|Any CPU.ActiveCfg = Debug|Any CPU
		{CFDA212B-8647-4BE8-8148-B253A9BF8730}.Debug|Any CPU.Build.0 = Debug|Any CPU
		{CFDA212B-8647-4BE8-8148-B253A9BF8730}.Release|Any CPU.ActiveCfg = Release|Any CPU
		{CFDA212B-8647-4BE8-8148-B253A9BF8730}.Release|Any CPU.Build.0 = Release|Any CPU
		{A08D865E-FDBD-4218-9253-4F34CCCF3AFD}.Debug|Any CPU.ActiveCfg = Debug|Any CPU
		{A08D865E-FDBD-4218-9253-4F34CCCF3AFD}.Debug|Any CPU.Build.0 = Debug|Any CPU
		{A08D865E-FDBD-4218-9253-4F34CCCF3AFD}.Release|Any CPU.ActiveCfg = Release|Any CPU
		{A08D865E-FDBD-4218-9253-4F34CCCF3AFD}.Release|Any CPU.Build.0 = Release|Any CPU
		{B07696C8-6602-4823-AE3C-19F89C10F205}.Debug|Any CPU.ActiveCfg = Debug|Any CPU
		{B07696C8-6602-4823-AE3C-19F89C10F205}.Debug|Any CPU.Build.0 = Debug|Any CPU
		{B07696C8-6602-4823-AE3C-19F89C10F205}.Release|Any CPU.ActiveCfg = Release|Any CPU
		{B07696C8-6602-4823-AE3C-19F89C10F205}.Release|Any CPU.Build.0 = Release|Any CPU
		{020A9DBD-8391-439D-9ECB-6FAFD905B9E6}.Debug|Any CPU.ActiveCfg = Debug|Any CPU
		{020A9DBD-8391-439D-9ECB-6FAFD905B9E6}.Debug|Any CPU.Build.0 = Debug|Any CPU
		{020A9DBD-8391-439D-9ECB-6FAFD905B9E6}.Release|Any CPU.ActiveCfg = Release|Any CPU
		{020A9DBD-8391-439D-9ECB-6FAFD905B9E6}.Release|Any CPU.Build.0 = Release|Any CPU
		{5444AE0D-7CE7-4037-B5D0-B3A835E4EDED}.Debug|Any CPU.ActiveCfg = Debug|Any CPU
		{5444AE0D-7CE7-4037-B5D0-B3A835E4EDED}.Debug|Any CPU.Build.0 = Debug|Any CPU
		{5444AE0D-7CE7-4037-B5D0-B3A835E4EDED}.Release|Any CPU.ActiveCfg = Release|Any CPU
		{5444AE0D-7CE7-4037-B5D0-B3A835E4EDED}.Release|Any CPU.Build.0 = Release|Any CPU
		{EFB464A3-134D-42B2-8854-F1FB4F4BF05B}.Debug|Any CPU.ActiveCfg = Debug|Any CPU
		{EFB464A3-134D-42B2-8854-F1FB4F4BF05B}.Debug|Any CPU.Build.0 = Debug|Any CPU
		{EFB464A3-134D-42B2-8854-F1FB4F4BF05B}.Release|Any CPU.ActiveCfg = Release|Any CPU
		{EFB464A3-134D-42B2-8854-F1FB4F4BF05B}.Release|Any CPU.Build.0 = Release|Any CPU
		{8F75EDCC-18E5-4A89-97C3-D4E1B20163C0}.Debug|Any CPU.ActiveCfg = Debug|Any CPU
		{8F75EDCC-18E5-4A89-97C3-D4E1B20163C0}.Debug|Any CPU.Build.0 = Debug|Any CPU
		{8F75EDCC-18E5-4A89-97C3-D4E1B20163C0}.Release|Any CPU.ActiveCfg = Release|Any CPU
		{8F75EDCC-18E5-4A89-97C3-D4E1B20163C0}.Release|Any CPU.Build.0 = Release|Any CPU
		{5B76234C-74C3-43C3-B382-4F24DEE5990A}.Debug|Any CPU.ActiveCfg = Debug|Any CPU
		{5B76234C-74C3-43C3-B382-4F24DEE5990A}.Debug|Any CPU.Build.0 = Debug|Any CPU
		{5B76234C-74C3-43C3-B382-4F24DEE5990A}.Release|Any CPU.ActiveCfg = Release|Any CPU
		{5B76234C-74C3-43C3-B382-4F24DEE5990A}.Release|Any CPU.Build.0 = Release|Any CPU
		{6303B889-2EAA-42C5-ABEB-8AB8A76D2678}.Debug|Any CPU.ActiveCfg = Debug|Any CPU
		{6303B889-2EAA-42C5-ABEB-8AB8A76D2678}.Debug|Any CPU.Build.0 = Debug|Any CPU
		{6303B889-2EAA-42C5-ABEB-8AB8A76D2678}.Release|Any CPU.ActiveCfg = Release|Any CPU
		{6303B889-2EAA-42C5-ABEB-8AB8A76D2678}.Release|Any CPU.Build.0 = Release|Any CPU
		{FD935739-D6EC-4984-A9F5-A0832302F3F8}.Debug|Any CPU.ActiveCfg = Debug|Any CPU
		{FD935739-D6EC-4984-A9F5-A0832302F3F8}.Debug|Any CPU.Build.0 = Debug|Any CPU
		{FD935739-D6EC-4984-A9F5-A0832302F3F8}.Release|Any CPU.ActiveCfg = Release|Any CPU
		{FD935739-D6EC-4984-A9F5-A0832302F3F8}.Release|Any CPU.Build.0 = Release|Any CPU
		{7E6CDF02-C552-4750-AFCD-FD7A224DF1FC}.Debug|Any CPU.ActiveCfg = Debug|Any CPU
		{7E6CDF02-C552-4750-AFCD-FD7A224DF1FC}.Debug|Any CPU.Build.0 = Debug|Any CPU
		{7E6CDF02-C552-4750-AFCD-FD7A224DF1FC}.Release|Any CPU.ActiveCfg = Release|Any CPU
		{7E6CDF02-C552-4750-AFCD-FD7A224DF1FC}.Release|Any CPU.Build.0 = Release|Any CPU
		{34719D97-04DC-463A-8ADE-6F16F77182FE}.Debug|Any CPU.ActiveCfg = Debug|Any CPU
		{34719D97-04DC-463A-8ADE-6F16F77182FE}.Debug|Any CPU.Build.0 = Debug|Any CPU
		{34719D97-04DC-463A-8ADE-6F16F77182FE}.Release|Any CPU.ActiveCfg = Release|Any CPU
		{34719D97-04DC-463A-8ADE-6F16F77182FE}.Release|Any CPU.Build.0 = Release|Any CPU
		{A68A2661-688A-4319-A6DD-539C09970D01}.Debug|Any CPU.ActiveCfg = Debug|Any CPU
		{A68A2661-688A-4319-A6DD-539C09970D01}.Debug|Any CPU.Build.0 = Debug|Any CPU
		{A68A2661-688A-4319-A6DD-539C09970D01}.Release|Any CPU.ActiveCfg = Release|Any CPU
		{A68A2661-688A-4319-A6DD-539C09970D01}.Release|Any CPU.Build.0 = Release|Any CPU
		{B022EE3F-8F59-4BDF-A870-889386DD6D51}.Debug|Any CPU.ActiveCfg = Debug|Any CPU
		{B022EE3F-8F59-4BDF-A870-889386DD6D51}.Debug|Any CPU.Build.0 = Debug|Any CPU
		{B022EE3F-8F59-4BDF-A870-889386DD6D51}.Release|Any CPU.ActiveCfg = Release|Any CPU
		{B022EE3F-8F59-4BDF-A870-889386DD6D51}.Release|Any CPU.Build.0 = Release|Any CPU
		{94A3D560-8CA1-412D-887B-E0F794D59CCA}.Debug|Any CPU.ActiveCfg = Debug|Any CPU
		{94A3D560-8CA1-412D-887B-E0F794D59CCA}.Debug|Any CPU.Build.0 = Debug|Any CPU
		{94A3D560-8CA1-412D-887B-E0F794D59CCA}.Release|Any CPU.ActiveCfg = Release|Any CPU
		{94A3D560-8CA1-412D-887B-E0F794D59CCA}.Release|Any CPU.Build.0 = Release|Any CPU
		{416E0BEC-5DDC-4317-9EFF-CE14D4D202E1}.Debug|Any CPU.ActiveCfg = Debug|Any CPU
		{416E0BEC-5DDC-4317-9EFF-CE14D4D202E1}.Debug|Any CPU.Build.0 = Debug|Any CPU
		{416E0BEC-5DDC-4317-9EFF-CE14D4D202E1}.Release|Any CPU.ActiveCfg = Release|Any CPU
		{416E0BEC-5DDC-4317-9EFF-CE14D4D202E1}.Release|Any CPU.Build.0 = Release|Any CPU
		{2AB144B6-80A5-42D4-9C80-FF126D8C3FC7}.Debug|Any CPU.ActiveCfg = Debug|Any CPU
		{2AB144B6-80A5-42D4-9C80-FF126D8C3FC7}.Debug|Any CPU.Build.0 = Debug|Any CPU
		{2AB144B6-80A5-42D4-9C80-FF126D8C3FC7}.Release|Any CPU.ActiveCfg = Release|Any CPU
		{2AB144B6-80A5-42D4-9C80-FF126D8C3FC7}.Release|Any CPU.Build.0 = Release|Any CPU
		{3E3B6407-174E-41AF-9DF1-F4801B457E9D}.Debug|Any CPU.ActiveCfg = Debug|Any CPU
		{3E3B6407-174E-41AF-9DF1-F4801B457E9D}.Debug|Any CPU.Build.0 = Debug|Any CPU
		{3E3B6407-174E-41AF-9DF1-F4801B457E9D}.Release|Any CPU.ActiveCfg = Release|Any CPU
		{3E3B6407-174E-41AF-9DF1-F4801B457E9D}.Release|Any CPU.Build.0 = Release|Any CPU
		{F6A04552-E2E3-4DA0-8CF1-E9E4B49B6686}.Debug|Any CPU.ActiveCfg = Debug|Any CPU
		{F6A04552-E2E3-4DA0-8CF1-E9E4B49B6686}.Debug|Any CPU.Build.0 = Debug|Any CPU
		{F6A04552-E2E3-4DA0-8CF1-E9E4B49B6686}.Release|Any CPU.ActiveCfg = Release|Any CPU
		{F6A04552-E2E3-4DA0-8CF1-E9E4B49B6686}.Release|Any CPU.Build.0 = Release|Any CPU
		{5BBD852F-2BB9-4B2B-8B52-195C50BBB57A}.Debug|Any CPU.ActiveCfg = Debug|Any CPU
		{5BBD852F-2BB9-4B2B-8B52-195C50BBB57A}.Debug|Any CPU.Build.0 = Debug|Any CPU
		{5BBD852F-2BB9-4B2B-8B52-195C50BBB57A}.Release|Any CPU.ActiveCfg = Release|Any CPU
		{5BBD852F-2BB9-4B2B-8B52-195C50BBB57A}.Release|Any CPU.Build.0 = Release|Any CPU
		{EC5171C3-E147-465A-B7F8-15D575141376}.Debug|Any CPU.ActiveCfg = Debug|Any CPU
		{EC5171C3-E147-465A-B7F8-15D575141376}.Debug|Any CPU.Build.0 = Debug|Any CPU
		{EC5171C3-E147-465A-B7F8-15D575141376}.Release|Any CPU.ActiveCfg = Release|Any CPU
		{EC5171C3-E147-465A-B7F8-15D575141376}.Release|Any CPU.Build.0 = Release|Any CPU
		{8177A39E-B592-454D-AC04-FF55821C6749}.Debug|Any CPU.ActiveCfg = Debug|Any CPU
		{8177A39E-B592-454D-AC04-FF55821C6749}.Debug|Any CPU.Build.0 = Debug|Any CPU
		{8177A39E-B592-454D-AC04-FF55821C6749}.Release|Any CPU.ActiveCfg = Release|Any CPU
		{8177A39E-B592-454D-AC04-FF55821C6749}.Release|Any CPU.Build.0 = Release|Any CPU
		{82E859E2-9B87-4221-BBD5-937D951B8180}.Debug|Any CPU.ActiveCfg = Debug|Any CPU
		{82E859E2-9B87-4221-BBD5-937D951B8180}.Debug|Any CPU.Build.0 = Debug|Any CPU
		{82E859E2-9B87-4221-BBD5-937D951B8180}.Release|Any CPU.ActiveCfg = Release|Any CPU
		{82E859E2-9B87-4221-BBD5-937D951B8180}.Release|Any CPU.Build.0 = Release|Any CPU
		{3AB4AD06-78B8-4ADE-90CE-BE5677E3D5D4}.Debug|Any CPU.ActiveCfg = Debug|Any CPU
		{3AB4AD06-78B8-4ADE-90CE-BE5677E3D5D4}.Debug|Any CPU.Build.0 = Debug|Any CPU
		{3AB4AD06-78B8-4ADE-90CE-BE5677E3D5D4}.Release|Any CPU.ActiveCfg = Release|Any CPU
		{3AB4AD06-78B8-4ADE-90CE-BE5677E3D5D4}.Release|Any CPU.Build.0 = Release|Any CPU
		{BF434D40-6A4A-46F1-BC85-47A140E0733C}.Debug|Any CPU.ActiveCfg = Debug|Any CPU
		{BF434D40-6A4A-46F1-BC85-47A140E0733C}.Debug|Any CPU.Build.0 = Debug|Any CPU
		{BF434D40-6A4A-46F1-BC85-47A140E0733C}.Release|Any CPU.ActiveCfg = Release|Any CPU
		{BF434D40-6A4A-46F1-BC85-47A140E0733C}.Release|Any CPU.Build.0 = Release|Any CPU
		{BE502A6B-A6A4-4B9C-B24E-08122C1104C9}.Debug|Any CPU.ActiveCfg = Debug|Any CPU
		{BE502A6B-A6A4-4B9C-B24E-08122C1104C9}.Debug|Any CPU.Build.0 = Debug|Any CPU
		{BE502A6B-A6A4-4B9C-B24E-08122C1104C9}.Release|Any CPU.ActiveCfg = Release|Any CPU
		{BE502A6B-A6A4-4B9C-B24E-08122C1104C9}.Release|Any CPU.Build.0 = Release|Any CPU
		{5F2927AB-8909-41E4-81D1-69F2609A0E5B}.Debug|Any CPU.ActiveCfg = Debug|Any CPU
		{5F2927AB-8909-41E4-81D1-69F2609A0E5B}.Debug|Any CPU.Build.0 = Debug|Any CPU
		{5F2927AB-8909-41E4-81D1-69F2609A0E5B}.Release|Any CPU.ActiveCfg = Release|Any CPU
		{5F2927AB-8909-41E4-81D1-69F2609A0E5B}.Release|Any CPU.Build.0 = Release|Any CPU
		{37256E17-CAFA-4D6F-B292-4AD4FEDD8076}.Debug|Any CPU.ActiveCfg = Debug|Any CPU
		{37256E17-CAFA-4D6F-B292-4AD4FEDD8076}.Debug|Any CPU.Build.0 = Debug|Any CPU
		{37256E17-CAFA-4D6F-B292-4AD4FEDD8076}.Release|Any CPU.ActiveCfg = Release|Any CPU
		{37256E17-CAFA-4D6F-B292-4AD4FEDD8076}.Release|Any CPU.Build.0 = Release|Any CPU
		{9FAF8254-12F8-4FC3-A21C-B09FD1606833}.Debug|Any CPU.ActiveCfg = Debug|Any CPU
		{9FAF8254-12F8-4FC3-A21C-B09FD1606833}.Debug|Any CPU.Build.0 = Debug|Any CPU
		{9FAF8254-12F8-4FC3-A21C-B09FD1606833}.Release|Any CPU.ActiveCfg = Release|Any CPU
		{9FAF8254-12F8-4FC3-A21C-B09FD1606833}.Release|Any CPU.Build.0 = Release|Any CPU
		{1EC4F0BF-FB05-4700-8F69-E1307E335B0C}.Debug|Any CPU.ActiveCfg = Debug|Any CPU
		{1EC4F0BF-FB05-4700-8F69-E1307E335B0C}.Debug|Any CPU.Build.0 = Debug|Any CPU
		{1EC4F0BF-FB05-4700-8F69-E1307E335B0C}.Release|Any CPU.ActiveCfg = Release|Any CPU
		{1EC4F0BF-FB05-4700-8F69-E1307E335B0C}.Release|Any CPU.Build.0 = Release|Any CPU
		{504C94FF-BA00-4943-9C99-C636B26DE123}.Debug|Any CPU.ActiveCfg = Debug|Any CPU
		{504C94FF-BA00-4943-9C99-C636B26DE123}.Debug|Any CPU.Build.0 = Debug|Any CPU
		{504C94FF-BA00-4943-9C99-C636B26DE123}.Release|Any CPU.ActiveCfg = Release|Any CPU
		{504C94FF-BA00-4943-9C99-C636B26DE123}.Release|Any CPU.Build.0 = Release|Any CPU
		{C02A2FAB-169E-4AC0-81E1-C5F06FF46C08}.Debug|Any CPU.ActiveCfg = Debug|Any CPU
		{C02A2FAB-169E-4AC0-81E1-C5F06FF46C08}.Debug|Any CPU.Build.0 = Debug|Any CPU
		{C02A2FAB-169E-4AC0-81E1-C5F06FF46C08}.Release|Any CPU.ActiveCfg = Release|Any CPU
		{C02A2FAB-169E-4AC0-81E1-C5F06FF46C08}.Release|Any CPU.Build.0 = Release|Any CPU
		{720A4D9B-11EC-4495-BD0E-B7189982C353}.Debug|Any CPU.ActiveCfg = Debug|Any CPU
		{720A4D9B-11EC-4495-BD0E-B7189982C353}.Debug|Any CPU.Build.0 = Debug|Any CPU
		{720A4D9B-11EC-4495-BD0E-B7189982C353}.Release|Any CPU.ActiveCfg = Release|Any CPU
		{720A4D9B-11EC-4495-BD0E-B7189982C353}.Release|Any CPU.Build.0 = Release|Any CPU
		{F9B6B2D3-9637-4B05-A266-1969E07C2FB6}.Debug|Any CPU.ActiveCfg = Debug|Any CPU
		{F9B6B2D3-9637-4B05-A266-1969E07C2FB6}.Debug|Any CPU.Build.0 = Debug|Any CPU
		{F9B6B2D3-9637-4B05-A266-1969E07C2FB6}.Release|Any CPU.ActiveCfg = Release|Any CPU
		{F9B6B2D3-9637-4B05-A266-1969E07C2FB6}.Release|Any CPU.Build.0 = Release|Any CPU
		{00B23473-207A-424B-8D43-839E7B8A9465}.Debug|Any CPU.ActiveCfg = Debug|Any CPU
		{00B23473-207A-424B-8D43-839E7B8A9465}.Debug|Any CPU.Build.0 = Debug|Any CPU
		{00B23473-207A-424B-8D43-839E7B8A9465}.Release|Any CPU.ActiveCfg = Release|Any CPU
		{00B23473-207A-424B-8D43-839E7B8A9465}.Release|Any CPU.Build.0 = Release|Any CPU
		{C88EDE65-85F0-4B10-8648-ABBCFD0881AC}.Debug|Any CPU.ActiveCfg = Debug|Any CPU
		{C88EDE65-85F0-4B10-8648-ABBCFD0881AC}.Debug|Any CPU.Build.0 = Debug|Any CPU
		{C88EDE65-85F0-4B10-8648-ABBCFD0881AC}.Release|Any CPU.ActiveCfg = Release|Any CPU
		{C88EDE65-85F0-4B10-8648-ABBCFD0881AC}.Release|Any CPU.Build.0 = Release|Any CPU
		{CA868634-9248-4851-8BEB-77DB9BB72F4E}.Debug|Any CPU.ActiveCfg = Debug|Any CPU
		{CA868634-9248-4851-8BEB-77DB9BB72F4E}.Debug|Any CPU.Build.0 = Debug|Any CPU
		{CA868634-9248-4851-8BEB-77DB9BB72F4E}.Release|Any CPU.ActiveCfg = Release|Any CPU
		{CA868634-9248-4851-8BEB-77DB9BB72F4E}.Release|Any CPU.Build.0 = Release|Any CPU
		{79400040-AE05-4E55-A702-3FA2A78CFFD1}.Debug|Any CPU.ActiveCfg = Debug|Any CPU
		{79400040-AE05-4E55-A702-3FA2A78CFFD1}.Debug|Any CPU.Build.0 = Debug|Any CPU
		{79400040-AE05-4E55-A702-3FA2A78CFFD1}.Release|Any CPU.ActiveCfg = Release|Any CPU
		{79400040-AE05-4E55-A702-3FA2A78CFFD1}.Release|Any CPU.Build.0 = Release|Any CPU
		{7E0799EB-D646-4CDD-AA05-E754B16E155B}.Debug|Any CPU.ActiveCfg = Debug|Any CPU
		{7E0799EB-D646-4CDD-AA05-E754B16E155B}.Debug|Any CPU.Build.0 = Debug|Any CPU
		{7E0799EB-D646-4CDD-AA05-E754B16E155B}.Release|Any CPU.ActiveCfg = Release|Any CPU
		{7E0799EB-D646-4CDD-AA05-E754B16E155B}.Release|Any CPU.Build.0 = Release|Any CPU
		{462FF015-7703-4CA3-B7C5-C28F34ECF779}.Debug|Any CPU.ActiveCfg = Debug|Any CPU
		{462FF015-7703-4CA3-B7C5-C28F34ECF779}.Debug|Any CPU.Build.0 = Debug|Any CPU
		{462FF015-7703-4CA3-B7C5-C28F34ECF779}.Release|Any CPU.ActiveCfg = Release|Any CPU
		{462FF015-7703-4CA3-B7C5-C28F34ECF779}.Release|Any CPU.Build.0 = Release|Any CPU
		{2A586E2D-2602-4085-BD4E-4A2ACCD7D906}.Debug|Any CPU.ActiveCfg = Debug|Any CPU
		{2A586E2D-2602-4085-BD4E-4A2ACCD7D906}.Debug|Any CPU.Build.0 = Debug|Any CPU
		{2A586E2D-2602-4085-BD4E-4A2ACCD7D906}.Release|Any CPU.ActiveCfg = Release|Any CPU
		{2A586E2D-2602-4085-BD4E-4A2ACCD7D906}.Release|Any CPU.Build.0 = Release|Any CPU
		{0DD939FC-DEDC-4F4B-B50C-045FE6E79FF8}.Debug|Any CPU.ActiveCfg = Debug|Any CPU
		{0DD939FC-DEDC-4F4B-B50C-045FE6E79FF8}.Debug|Any CPU.Build.0 = Debug|Any CPU
		{0DD939FC-DEDC-4F4B-B50C-045FE6E79FF8}.Release|Any CPU.ActiveCfg = Release|Any CPU
		{0DD939FC-DEDC-4F4B-B50C-045FE6E79FF8}.Release|Any CPU.Build.0 = Release|Any CPU
		{5F369C52-8487-427A-846C-E7FBFFF0337D}.Debug|Any CPU.ActiveCfg = Debug|Any CPU
		{5F369C52-8487-427A-846C-E7FBFFF0337D}.Debug|Any CPU.Build.0 = Debug|Any CPU
		{5F369C52-8487-427A-846C-E7FBFFF0337D}.Release|Any CPU.ActiveCfg = Release|Any CPU
		{5F369C52-8487-427A-846C-E7FBFFF0337D}.Release|Any CPU.Build.0 = Release|Any CPU
		{049E4AA1-85D3-4E01-A4CA-B819F65A7A56}.Debug|Any CPU.ActiveCfg = Debug|Any CPU
		{049E4AA1-85D3-4E01-A4CA-B819F65A7A56}.Debug|Any CPU.Build.0 = Debug|Any CPU
		{049E4AA1-85D3-4E01-A4CA-B819F65A7A56}.Release|Any CPU.ActiveCfg = Release|Any CPU
		{049E4AA1-85D3-4E01-A4CA-B819F65A7A56}.Release|Any CPU.Build.0 = Release|Any CPU
		{2482230F-B4DB-494A-B362-E6D4E4379836}.Debug|Any CPU.ActiveCfg = Debug|Any CPU
		{2482230F-B4DB-494A-B362-E6D4E4379836}.Debug|Any CPU.Build.0 = Debug|Any CPU
		{2482230F-B4DB-494A-B362-E6D4E4379836}.Release|Any CPU.ActiveCfg = Release|Any CPU
		{2482230F-B4DB-494A-B362-E6D4E4379836}.Release|Any CPU.Build.0 = Release|Any CPU
		{8E9F235A-0B56-41B6-9D1F-EE834B2829C4}.Debug|Any CPU.ActiveCfg = Debug|Any CPU
		{8E9F235A-0B56-41B6-9D1F-EE834B2829C4}.Debug|Any CPU.Build.0 = Debug|Any CPU
		{8E9F235A-0B56-41B6-9D1F-EE834B2829C4}.Release|Any CPU.ActiveCfg = Release|Any CPU
		{8E9F235A-0B56-41B6-9D1F-EE834B2829C4}.Release|Any CPU.Build.0 = Release|Any CPU
		{192658A9-3BB4-4A1A-9E2D-63D25D3E9A87}.Debug|Any CPU.ActiveCfg = Debug|Any CPU
		{192658A9-3BB4-4A1A-9E2D-63D25D3E9A87}.Debug|Any CPU.Build.0 = Debug|Any CPU
		{192658A9-3BB4-4A1A-9E2D-63D25D3E9A87}.Release|Any CPU.ActiveCfg = Release|Any CPU
		{192658A9-3BB4-4A1A-9E2D-63D25D3E9A87}.Release|Any CPU.Build.0 = Release|Any CPU
		{A6A26C9F-15FF-4456-8350-19AFCF8E8275}.Debug|Any CPU.ActiveCfg = Debug|Any CPU
		{A6A26C9F-15FF-4456-8350-19AFCF8E8275}.Debug|Any CPU.Build.0 = Debug|Any CPU
		{A6A26C9F-15FF-4456-8350-19AFCF8E8275}.Release|Any CPU.ActiveCfg = Release|Any CPU
		{A6A26C9F-15FF-4456-8350-19AFCF8E8275}.Release|Any CPU.Build.0 = Release|Any CPU
		{0D92DE2E-4C40-4883-8343-BB0806CD4097}.Debug|Any CPU.ActiveCfg = Debug|Any CPU
		{0D92DE2E-4C40-4883-8343-BB0806CD4097}.Debug|Any CPU.Build.0 = Debug|Any CPU
		{0D92DE2E-4C40-4883-8343-BB0806CD4097}.Release|Any CPU.ActiveCfg = Release|Any CPU
		{0D92DE2E-4C40-4883-8343-BB0806CD4097}.Release|Any CPU.Build.0 = Release|Any CPU
		{F423B95B-AA20-489F-86E3-9C3B22646367}.Debug|Any CPU.ActiveCfg = Debug|Any CPU
		{F423B95B-AA20-489F-86E3-9C3B22646367}.Debug|Any CPU.Build.0 = Debug|Any CPU
		{F423B95B-AA20-489F-86E3-9C3B22646367}.Release|Any CPU.ActiveCfg = Release|Any CPU
		{F423B95B-AA20-489F-86E3-9C3B22646367}.Release|Any CPU.Build.0 = Release|Any CPU
		{179F74E8-34FA-4EC4-AB4B-1B1B82ABC736}.Debug|Any CPU.ActiveCfg = Debug|Any CPU
		{179F74E8-34FA-4EC4-AB4B-1B1B82ABC736}.Debug|Any CPU.Build.0 = Debug|Any CPU
		{179F74E8-34FA-4EC4-AB4B-1B1B82ABC736}.Release|Any CPU.ActiveCfg = Release|Any CPU
		{179F74E8-34FA-4EC4-AB4B-1B1B82ABC736}.Release|Any CPU.Build.0 = Release|Any CPU
		{8C6226FE-3587-468D-ADC9-8D5CE7043BF1}.Debug|Any CPU.ActiveCfg = Debug|Any CPU
		{8C6226FE-3587-468D-ADC9-8D5CE7043BF1}.Debug|Any CPU.Build.0 = Debug|Any CPU
		{8C6226FE-3587-468D-ADC9-8D5CE7043BF1}.Release|Any CPU.ActiveCfg = Release|Any CPU
		{8C6226FE-3587-468D-ADC9-8D5CE7043BF1}.Release|Any CPU.Build.0 = Release|Any CPU
		{4341AB81-A1BF-455A-8D2B-6D358AB8EAD4}.Debug|Any CPU.ActiveCfg = Debug|Any CPU
		{4341AB81-A1BF-455A-8D2B-6D358AB8EAD4}.Debug|Any CPU.Build.0 = Debug|Any CPU
		{4341AB81-A1BF-455A-8D2B-6D358AB8EAD4}.Release|Any CPU.ActiveCfg = Release|Any CPU
		{4341AB81-A1BF-455A-8D2B-6D358AB8EAD4}.Release|Any CPU.Build.0 = Release|Any CPU
		{E8722786-8B28-4FF7-9C2D-B518A933D01C}.Debug|Any CPU.ActiveCfg = Debug|Any CPU
		{E8722786-8B28-4FF7-9C2D-B518A933D01C}.Debug|Any CPU.Build.0 = Debug|Any CPU
		{E8722786-8B28-4FF7-9C2D-B518A933D01C}.Release|Any CPU.ActiveCfg = Release|Any CPU
		{E8722786-8B28-4FF7-9C2D-B518A933D01C}.Release|Any CPU.Build.0 = Release|Any CPU
		{2FD7C261-0812-459D-8A44-9D269EDF5CAC}.Debug|Any CPU.ActiveCfg = Debug|Any CPU
		{2FD7C261-0812-459D-8A44-9D269EDF5CAC}.Debug|Any CPU.Build.0 = Debug|Any CPU
		{2FD7C261-0812-459D-8A44-9D269EDF5CAC}.Release|Any CPU.ActiveCfg = Release|Any CPU
		{2FD7C261-0812-459D-8A44-9D269EDF5CAC}.Release|Any CPU.Build.0 = Release|Any CPU
		{9B7E5DC7-C99B-4513-BA4A-663C7E479EC9}.Debug|Any CPU.ActiveCfg = Debug|Any CPU
		{9B7E5DC7-C99B-4513-BA4A-663C7E479EC9}.Debug|Any CPU.Build.0 = Debug|Any CPU
		{9B7E5DC7-C99B-4513-BA4A-663C7E479EC9}.Release|Any CPU.ActiveCfg = Release|Any CPU
		{9B7E5DC7-C99B-4513-BA4A-663C7E479EC9}.Release|Any CPU.Build.0 = Release|Any CPU
		{1AC281BE-DD50-4A35-B70C-9EDA3FAD7B1B}.Debug|Any CPU.ActiveCfg = Debug|Any CPU
		{1AC281BE-DD50-4A35-B70C-9EDA3FAD7B1B}.Debug|Any CPU.Build.0 = Debug|Any CPU
		{1AC281BE-DD50-4A35-B70C-9EDA3FAD7B1B}.Release|Any CPU.ActiveCfg = Release|Any CPU
		{1AC281BE-DD50-4A35-B70C-9EDA3FAD7B1B}.Release|Any CPU.Build.0 = Release|Any CPU
		{9AE02C7E-337D-4AF0-AAE0-4E139B4E4A8B}.Debug|Any CPU.ActiveCfg = Debug|Any CPU
		{9AE02C7E-337D-4AF0-AAE0-4E139B4E4A8B}.Debug|Any CPU.Build.0 = Debug|Any CPU
		{9AE02C7E-337D-4AF0-AAE0-4E139B4E4A8B}.Release|Any CPU.ActiveCfg = Release|Any CPU
		{9AE02C7E-337D-4AF0-AAE0-4E139B4E4A8B}.Release|Any CPU.Build.0 = Release|Any CPU
		{83D14BB6-F004-406C-AD42-3D9B79DB4944}.Debug|Any CPU.ActiveCfg = Debug|Any CPU
		{83D14BB6-F004-406C-AD42-3D9B79DB4944}.Debug|Any CPU.Build.0 = Debug|Any CPU
		{83D14BB6-F004-406C-AD42-3D9B79DB4944}.Release|Any CPU.ActiveCfg = Release|Any CPU
		{83D14BB6-F004-406C-AD42-3D9B79DB4944}.Release|Any CPU.Build.0 = Release|Any CPU
		{5B58FE3E-334D-4B7C-933E-CD350B1E5E8B}.Debug|Any CPU.ActiveCfg = Debug|Any CPU
		{5B58FE3E-334D-4B7C-933E-CD350B1E5E8B}.Debug|Any CPU.Build.0 = Debug|Any CPU
		{5B58FE3E-334D-4B7C-933E-CD350B1E5E8B}.Release|Any CPU.ActiveCfg = Release|Any CPU
		{5B58FE3E-334D-4B7C-933E-CD350B1E5E8B}.Release|Any CPU.Build.0 = Release|Any CPU
		{2AA5037D-E287-49D6-815F-221525237C1B}.Debug|Any CPU.ActiveCfg = Debug|Any CPU
		{2AA5037D-E287-49D6-815F-221525237C1B}.Debug|Any CPU.Build.0 = Debug|Any CPU
		{2AA5037D-E287-49D6-815F-221525237C1B}.Release|Any CPU.ActiveCfg = Release|Any CPU
		{2AA5037D-E287-49D6-815F-221525237C1B}.Release|Any CPU.Build.0 = Release|Any CPU
		{88B160AE-4541-407E-8B0E-1130FFA92015}.Debug|Any CPU.ActiveCfg = Debug|Any CPU
		{88B160AE-4541-407E-8B0E-1130FFA92015}.Debug|Any CPU.Build.0 = Debug|Any CPU
		{88B160AE-4541-407E-8B0E-1130FFA92015}.Release|Any CPU.ActiveCfg = Release|Any CPU
		{88B160AE-4541-407E-8B0E-1130FFA92015}.Release|Any CPU.Build.0 = Release|Any CPU
		{BC0BC13D-74D5-438F-9AF1-39C14A6B083F}.Debug|Any CPU.ActiveCfg = Debug|Any CPU
		{BC0BC13D-74D5-438F-9AF1-39C14A6B083F}.Debug|Any CPU.Build.0 = Debug|Any CPU
		{BC0BC13D-74D5-438F-9AF1-39C14A6B083F}.Release|Any CPU.ActiveCfg = Release|Any CPU
		{BC0BC13D-74D5-438F-9AF1-39C14A6B083F}.Release|Any CPU.Build.0 = Release|Any CPU
		{C0638AC7-F8A9-4003-AB65-19C339D7F7C7}.Debug|Any CPU.ActiveCfg = Debug|Any CPU
		{C0638AC7-F8A9-4003-AB65-19C339D7F7C7}.Debug|Any CPU.Build.0 = Debug|Any CPU
		{C0638AC7-F8A9-4003-AB65-19C339D7F7C7}.Release|Any CPU.ActiveCfg = Release|Any CPU
		{C0638AC7-F8A9-4003-AB65-19C339D7F7C7}.Release|Any CPU.Build.0 = Release|Any CPU
		{FDFE0E11-54D0-4CCE-9C24-681287708690}.Debug|Any CPU.ActiveCfg = Debug|Any CPU
		{FDFE0E11-54D0-4CCE-9C24-681287708690}.Debug|Any CPU.Build.0 = Debug|Any CPU
		{FDFE0E11-54D0-4CCE-9C24-681287708690}.Release|Any CPU.ActiveCfg = Release|Any CPU
		{FDFE0E11-54D0-4CCE-9C24-681287708690}.Release|Any CPU.Build.0 = Release|Any CPU
		{2C469772-3692-4E2A-9706-2C251A846E63}.Debug|Any CPU.ActiveCfg = Debug|Any CPU
		{2C469772-3692-4E2A-9706-2C251A846E63}.Debug|Any CPU.Build.0 = Debug|Any CPU
		{2C469772-3692-4E2A-9706-2C251A846E63}.Release|Any CPU.ActiveCfg = Release|Any CPU
		{2C469772-3692-4E2A-9706-2C251A846E63}.Release|Any CPU.Build.0 = Release|Any CPU
		{90033B2A-953C-4256-9E5C-34BFF4CFAD75}.Debug|Any CPU.ActiveCfg = Debug|Any CPU
		{90033B2A-953C-4256-9E5C-34BFF4CFAD75}.Debug|Any CPU.Build.0 = Debug|Any CPU
		{90033B2A-953C-4256-9E5C-34BFF4CFAD75}.Release|Any CPU.ActiveCfg = Release|Any CPU
		{90033B2A-953C-4256-9E5C-34BFF4CFAD75}.Release|Any CPU.Build.0 = Release|Any CPU
		{2F53EF8A-C958-4376-82D8-5B1A0A47F13A}.Debug|Any CPU.ActiveCfg = Debug|Any CPU
		{2F53EF8A-C958-4376-82D8-5B1A0A47F13A}.Debug|Any CPU.Build.0 = Debug|Any CPU
		{2F53EF8A-C958-4376-82D8-5B1A0A47F13A}.Release|Any CPU.ActiveCfg = Release|Any CPU
		{2F53EF8A-C958-4376-82D8-5B1A0A47F13A}.Release|Any CPU.Build.0 = Release|Any CPU
		{6BCBB42B-C720-4C57-A10B-D186F5310182}.Debug|Any CPU.ActiveCfg = Debug|Any CPU
		{6BCBB42B-C720-4C57-A10B-D186F5310182}.Debug|Any CPU.Build.0 = Debug|Any CPU
		{6BCBB42B-C720-4C57-A10B-D186F5310182}.Release|Any CPU.ActiveCfg = Release|Any CPU
		{6BCBB42B-C720-4C57-A10B-D186F5310182}.Release|Any CPU.Build.0 = Release|Any CPU
		{235C1CFA-115E-41A7-934C-FE73B61112E2}.Debug|Any CPU.ActiveCfg = Debug|Any CPU
		{235C1CFA-115E-41A7-934C-FE73B61112E2}.Debug|Any CPU.Build.0 = Debug|Any CPU
		{235C1CFA-115E-41A7-934C-FE73B61112E2}.Release|Any CPU.ActiveCfg = Release|Any CPU
		{235C1CFA-115E-41A7-934C-FE73B61112E2}.Release|Any CPU.Build.0 = Release|Any CPU
		{2545D16C-6B9D-4FAF-995F-AA7ED36FEDC0}.Debug|Any CPU.ActiveCfg = Debug|Any CPU
		{2545D16C-6B9D-4FAF-995F-AA7ED36FEDC0}.Debug|Any CPU.Build.0 = Debug|Any CPU
		{2545D16C-6B9D-4FAF-995F-AA7ED36FEDC0}.Release|Any CPU.ActiveCfg = Release|Any CPU
		{2545D16C-6B9D-4FAF-995F-AA7ED36FEDC0}.Release|Any CPU.Build.0 = Release|Any CPU
		{14D6D8F4-1003-46DE-AB37-4FDC925B64D7}.Debug|Any CPU.ActiveCfg = Debug|Any CPU
		{14D6D8F4-1003-46DE-AB37-4FDC925B64D7}.Debug|Any CPU.Build.0 = Debug|Any CPU
		{14D6D8F4-1003-46DE-AB37-4FDC925B64D7}.Release|Any CPU.ActiveCfg = Release|Any CPU
		{14D6D8F4-1003-46DE-AB37-4FDC925B64D7}.Release|Any CPU.Build.0 = Release|Any CPU
		{8C6A8B83-F0B5-4327-A20C-E3EA007152D5}.Debug|Any CPU.ActiveCfg = Debug|Any CPU
		{8C6A8B83-F0B5-4327-A20C-E3EA007152D5}.Debug|Any CPU.Build.0 = Debug|Any CPU
		{8C6A8B83-F0B5-4327-A20C-E3EA007152D5}.Release|Any CPU.ActiveCfg = Release|Any CPU
		{8C6A8B83-F0B5-4327-A20C-E3EA007152D5}.Release|Any CPU.Build.0 = Release|Any CPU
		{F2FBAD09-F5CD-424D-899A-1AE9F10AADAA}.Debug|Any CPU.ActiveCfg = Debug|Any CPU
		{F2FBAD09-F5CD-424D-899A-1AE9F10AADAA}.Debug|Any CPU.Build.0 = Debug|Any CPU
		{F2FBAD09-F5CD-424D-899A-1AE9F10AADAA}.Release|Any CPU.ActiveCfg = Release|Any CPU
		{F2FBAD09-F5CD-424D-899A-1AE9F10AADAA}.Release|Any CPU.Build.0 = Release|Any CPU
		{1C3EC6FF-4E73-4AD7-82B1-22877C5561D1}.Debug|Any CPU.ActiveCfg = Debug|Any CPU
		{1C3EC6FF-4E73-4AD7-82B1-22877C5561D1}.Debug|Any CPU.Build.0 = Debug|Any CPU
		{1C3EC6FF-4E73-4AD7-82B1-22877C5561D1}.Release|Any CPU.ActiveCfg = Release|Any CPU
		{1C3EC6FF-4E73-4AD7-82B1-22877C5561D1}.Release|Any CPU.Build.0 = Release|Any CPU
		{4BF8A1BD-FCC0-4734-8F09-E77070D80101}.Debug|Any CPU.ActiveCfg = Debug|Any CPU
		{4BF8A1BD-FCC0-4734-8F09-E77070D80101}.Debug|Any CPU.Build.0 = Debug|Any CPU
		{4BF8A1BD-FCC0-4734-8F09-E77070D80101}.Release|Any CPU.ActiveCfg = Release|Any CPU
		{4BF8A1BD-FCC0-4734-8F09-E77070D80101}.Release|Any CPU.Build.0 = Release|Any CPU
		{79294E69-C806-4775-A75A-E64C265DEC35}.Debug|Any CPU.ActiveCfg = Debug|Any CPU
		{79294E69-C806-4775-A75A-E64C265DEC35}.Debug|Any CPU.Build.0 = Debug|Any CPU
		{79294E69-C806-4775-A75A-E64C265DEC35}.Release|Any CPU.ActiveCfg = Release|Any CPU
		{79294E69-C806-4775-A75A-E64C265DEC35}.Release|Any CPU.Build.0 = Release|Any CPU
		{B0D596D8-635F-4268-820D-A2A908E801C0}.Debug|Any CPU.ActiveCfg = Debug|Any CPU
		{B0D596D8-635F-4268-820D-A2A908E801C0}.Debug|Any CPU.Build.0 = Debug|Any CPU
		{B0D596D8-635F-4268-820D-A2A908E801C0}.Release|Any CPU.ActiveCfg = Release|Any CPU
		{B0D596D8-635F-4268-820D-A2A908E801C0}.Release|Any CPU.Build.0 = Release|Any CPU
		{F3029FF9-4CA3-4F1E-BC96-A9554EEC8896}.Debug|Any CPU.ActiveCfg = Debug|Any CPU
		{F3029FF9-4CA3-4F1E-BC96-A9554EEC8896}.Debug|Any CPU.Build.0 = Debug|Any CPU
		{F3029FF9-4CA3-4F1E-BC96-A9554EEC8896}.Release|Any CPU.ActiveCfg = Release|Any CPU
		{F3029FF9-4CA3-4F1E-BC96-A9554EEC8896}.Release|Any CPU.Build.0 = Release|Any CPU
		{97C25852-1B26-4232-B06D-F9A0BA3D1658}.Debug|Any CPU.ActiveCfg = Debug|Any CPU
		{97C25852-1B26-4232-B06D-F9A0BA3D1658}.Debug|Any CPU.Build.0 = Debug|Any CPU
		{97C25852-1B26-4232-B06D-F9A0BA3D1658}.Release|Any CPU.ActiveCfg = Release|Any CPU
		{97C25852-1B26-4232-B06D-F9A0BA3D1658}.Release|Any CPU.Build.0 = Release|Any CPU
		{7E590DDF-362E-4C50-B6FF-999B61E9DC85}.Debug|Any CPU.ActiveCfg = Debug|Any CPU
		{7E590DDF-362E-4C50-B6FF-999B61E9DC85}.Debug|Any CPU.Build.0 = Debug|Any CPU
		{7E590DDF-362E-4C50-B6FF-999B61E9DC85}.Release|Any CPU.ActiveCfg = Release|Any CPU
		{7E590DDF-362E-4C50-B6FF-999B61E9DC85}.Release|Any CPU.Build.0 = Release|Any CPU
		{91F6B112-6DA6-4DBC-B556-05DF745A96DA}.Debug|Any CPU.ActiveCfg = Debug|Any CPU
		{91F6B112-6DA6-4DBC-B556-05DF745A96DA}.Debug|Any CPU.Build.0 = Debug|Any CPU
		{91F6B112-6DA6-4DBC-B556-05DF745A96DA}.Release|Any CPU.ActiveCfg = Release|Any CPU
		{91F6B112-6DA6-4DBC-B556-05DF745A96DA}.Release|Any CPU.Build.0 = Release|Any CPU
	EndGlobalSection
	GlobalSection(SolutionProperties) = preSolution
		HideSolutionNode = FALSE
	EndGlobalSection
	GlobalSection(ExtensibilityGlobals) = postSolution
		SolutionGuid = {F2636538-B22C-4284-8CDB-088F84268CA2}
	EndGlobalSection
EndGlobal
